
Microsoft Visual Studio Solution File, Format Version 12.00
# Visual Studio Version 16
VisualStudioVersion = 16.0.31019.35
MinimumVisualStudioVersion = 10.0.40219.1
Project("{E24C65DC-7377-472B-9ABA-BC803B73C61A}") = "JOBPORTAL", "E:\movies\jobporatal project R\sem6\JOBPORTAL\JOBPORTAL\", "{62267EE5-1E9F-409A-83EE-CED601AB4107}"
	ProjectSection(WebsiteProperties) = preProject
		TargetFrameworkMoniker = ".NETFramework,Version%3Dv4.6.1"
		Debug.AspNetCompiler.VirtualPath = "/localhost_53736"
		Debug.AspNetCompiler.PhysicalPath = "E:\movies\jobporatal project R\sem6\JOBPORTAL\JOBPORTAL\"
		Debug.AspNetCompiler.TargetPath = "PrecompiledWeb\localhost_53736\"
		Debug.AspNetCompiler.Updateable = "true"
		Debug.AspNetCompiler.ForceOverwrite = "true"
		Debug.AspNetCompiler.FixedNames = "false"
		Debug.AspNetCompiler.Debug = "True"
		Release.AspNetCompiler.VirtualPath = "/localhost_53736"
		Release.AspNetCompiler.PhysicalPath = "E:\movies\jobporatal project R\sem6\JOBPORTAL\JOBPORTAL\"
		Release.AspNetCompiler.TargetPath = "PrecompiledWeb\localhost_53736\"
		Release.AspNetCompiler.Updateable = "true"
		Release.AspNetCompiler.ForceOverwrite = "true"
		Release.AspNetCompiler.FixedNames = "false"
		Release.AspNetCompiler.Debug = "False"
		VWDPort = "53736"
	EndProjectSection
EndProject
Global
	GlobalSection(SolutionConfigurationPlatforms) = preSolution
		Debug|Any CPU = Debug|Any CPU
	EndGlobalSection
	GlobalSection(ProjectConfigurationPlatforms) = postSolution
		{62267EE5-1E9F-409A-83EE-CED601AB4107}.Debug|Any CPU.ActiveCfg = Debug|Any CPU
		{62267EE5-1E9F-409A-83EE-CED601AB4107}.Debug|Any CPU.Build.0 = Debug|Any CPU
	EndGlobalSection
	GlobalSection(SolutionProperties) = preSolution
		HideSolutionNode = FALSE
	EndGlobalSection
	GlobalSection(ExtensibilityGlobals) = postSolution
		SolutionGuid = {E48EBFC1-F561-4EAE-BEE4-D55F9DE10283}
	EndGlobalSection
EndGlobal
